// !$*UTF8*$!
{
	archiveVersion = 1;
	classes = {
	};
	objectVersion = 46;
	objects = {

/* Begin PBXBuildFile section */
		69566BF21BA8D446009E72C5 /* main.m in Sources */ = {isa = PBXBuildFile; fileRef = 69566BF11BA8D446009E72C5 /* main.m */; };
		69566BF51BA8D446009E72C5 /* AppDelegate.m in Sources */ = {isa = PBXBuildFile; fileRef = 69566BF41BA8D446009E72C5 /* AppDelegate.m */; };
		69566BF81BA8D446009E72C5 /* PozWeather.xcdatamodeld in Sources */ = {isa = PBXBuildFile; fileRef = 69566BF61BA8D446009E72C5 /* PozWeather.xcdatamodeld */; };
		69566BFB1BA8D446009E72C5 /* ViewController.m in Sources */ = {isa = PBXBuildFile; fileRef = 69566BFA1BA8D446009E72C5 /* ViewController.m */; };
		69566BFE1BA8D446009E72C5 /* Main.storyboard in Resources */ = {isa = PBXBuildFile; fileRef = 69566BFC1BA8D446009E72C5 /* Main.storyboard */; };
		69566C001BA8D446009E72C5 /* Images.xcassets in Resources */ = {isa = PBXBuildFile; fileRef = 69566BFF1BA8D446009E72C5 /* Images.xcassets */; };
		69566C031BA8D446009E72C5 /* LaunchScreen.xib in Resources */ = {isa = PBXBuildFile; fileRef = 69566C011BA8D446009E72C5 /* LaunchScreen.xib */; };
		69566C0F1BA8D446009E72C5 /* PozWeatherTests.m in Sources */ = {isa = PBXBuildFile; fileRef = 69566C0E1BA8D446009E72C5 /* PozWeatherTests.m */; };
/* End PBXBuildFile section */

/* Begin PBXContainerItemProxy section */
		69566C091BA8D446009E72C5 /* PBXContainerItemProxy */ = {
			isa = PBXContainerItemProxy;
			containerPortal = 69566BE41BA8D446009E72C5 /* Project object */;
			proxyType = 1;
			remoteGlobalIDString = 69566BEB1BA8D446009E72C5;
			remoteInfo = PozWeather;
		};
/* End PBXContainerItemProxy section */

/* Begin PBXFileReference section */
		69566BEC1BA8D446009E72C5 /* PozWeather.app */ = {isa = PBXFileReference; explicitFileType = wrapper.application; includeInIndex = 0; path = PozWeather.app; sourceTree = BUILT_PRODUCTS_DIR; };
		69566BF01BA8D446009E72C5 /* Info.plist */ = {isa = PBXFileReference; lastKnownFileType = text.plist.xml; path = Info.plist; sourceTree = "<group>"; };
		69566BF11BA8D446009E72C5 /* main.m */ = {isa = PBXFileReference; lastKnownFileType = sourcecode.c.objc; path = main.m; sourceTree = "<group>"; };
		69566BF31BA8D446009E72C5 /* AppDelegate.h */ = {isa = PBXFileReference; lastKnownFileType = sourcecode.c.h; path = AppDelegate.h; sourceTree = "<group>"; };
		69566BF41BA8D446009E72C5 /* AppDelegate.m */ = {isa = PBXFileReference; lastKnownFileType = sourcecode.c.objc; path = AppDelegate.m; sourceTree = "<group>"; };
		69566BF71BA8D446009E72C5 /* PozWeather.xcdatamodel */ = {isa = PBXFileReference; lastKnownFileType = wrapper.xcdatamodel; path = PozWeather.xcdatamodel; sourceTree = "<group>"; };
		69566BF91BA8D446009E72C5 /* ViewController.h */ = {isa = PBXFileReference; lastKnownFileType = sourcecode.c.h; path = ViewController.h; sourceTree = "<group>"; };
		69566BFA1BA8D446009E72C5 /* ViewController.m */ = {isa = PBXFileReference; lastKnownFileType = sourcecode.c.objc; path = ViewController.m; sourceTree = "<group>"; };
		69566BFD1BA8D446009E72C5 /* Base */ = {isa = PBXFileReference; lastKnownFileType = file.storyboard; name = Base; path = Base.lproj/Main.storyboard; sourceTree = "<group>"; };
		69566BFF1BA8D446009E72C5 /* Images.xcassets */ = {isa = PBXFileReference; lastKnownFileType = folder.assetcatalog; path = Images.xcassets; sourceTree = "<group>"; };
		69566C021BA8D446009E72C5 /* Base */ = {isa = PBXFileReference; lastKnownFileType = file.xib; name = Base; path = Base.lproj/LaunchScreen.xib; sourceTree = "<group>"; };
		69566C081BA8D446009E72C5 /* PozWeatherTests.xctest */ = {isa = PBXFileReference; explicitFileType = wrapper.cfbundle; includeInIndex = 0; path = PozWeatherTests.xctest; sourceTree = BUILT_PRODUCTS_DIR; };
		69566C0D1BA8D446009E72C5 /* Info.plist */ = {isa = PBXFileReference; lastKnownFileType = text.plist.xml; path = Info.plist; sourceTree = "<group>"; };
		69566C0E1BA8D446009E72C5 /* PozWeatherTests.m */ = {isa = PBXFileReference; lastKnownFileType = sourcecode.c.objc; path = PozWeatherTests.m; sourceTree = "<group>"; };
/* End PBXFileReference section */

/* Begin PBXFrameworksBuildPhase section */
		69566BE91BA8D446009E72C5 /* Frameworks */ = {
			isa = PBXFrameworksBuildPhase;
			buildActionMask = 2147483647;
			files = (
			);
			runOnlyForDeploymentPostprocessing = 0;
		};
		69566C051BA8D446009E72C5 /* Frameworks */ = {
			isa = PBXFrameworksBuildPhase;
			buildActionMask = 2147483647;
			files = (
			);
			runOnlyForDeploymentPostprocessing = 0;
		};
/* End PBXFrameworksBuildPhase section */

/* Begin PBXGroup section */
		69566BE31BA8D446009E72C5 = {
			isa = PBXGroup;
			children = (
				69566BEE1BA8D446009E72C5 /* PozWeather */,
				69566C0B1BA8D446009E72C5 /* PozWeatherTests */,
				69566BED1BA8D446009E72C5 /* Products */,
			);
			sourceTree = "<group>";
		};
		69566BED1BA8D446009E72C5 /* Products */ = {
			isa = PBXGroup;
			children = (
				69566BEC1BA8D446009E72C5 /* PozWeather.app */,
				69566C081BA8D446009E72C5 /* PozWeatherTests.xctest */,
			);
			name = Products;
			sourceTree = "<group>";
		};
		69566BEE1BA8D446009E72C5 /* PozWeather */ = {
			isa = PBXGroup;
			children = (
				69566BF31BA8D446009E72C5 /* AppDelegate.h */,
				69566BF41BA8D446009E72C5 /* AppDelegate.m */,
				69566BF91BA8D446009E72C5 /* ViewController.h */,
				69566BFA1BA8D446009E72C5 /* ViewController.m */,
				69566BFC1BA8D446009E72C5 /* Main.storyboard */,
				69566BFF1BA8D446009E72C5 /* Images.xcassets */,
				69566C011BA8D446009E72C5 /* LaunchScreen.xib */,
				69566BF61BA8D446009E72C5 /* PozWeather.xcdatamodeld */,
				69566BEF1BA8D446009E72C5 /* Supporting Files */,
			);
			path = PozWeather;
			sourceTree = "<group>";
		};
		69566BEF1BA8D446009E72C5 /* Supporting Files */ = {
			isa = PBXGroup;
			children = (
				69566BF01BA8D446009E72C5 /* Info.plist */,
				69566BF11BA8D446009E72C5 /* main.m */,
			);
			name = "Supporting Files";
			sourceTree = "<group>";
		};
		69566C0B1BA8D446009E72C5 /* PozWeatherTests */ = {
			isa = PBXGroup;
			children = (
				69566C0E1BA8D446009E72C5 /* PozWeatherTests.m */,
				69566C0C1BA8D446009E72C5 /* Supporting Files */,
			);
			path = PozWeatherTests;
			sourceTree = "<group>";
		};
		69566C0C1BA8D446009E72C5 /* Supporting Files */ = {
			isa = PBXGroup;
			children = (
				69566C0D1BA8D446009E72C5 /* Info.plist */,
			);
			name = "Supporting Files";
			sourceTree = "<group>";
		};
/* End PBXGroup section */

/* Begin PBXNativeTarget section */
		69566BEB1BA8D446009E72C5 /* PozWeather */ = {
			isa = PBXNativeTarget;
			buildConfigurationList = 69566C121BA8D446009E72C5 /* Build configuration list for PBXNativeTarget "PozWeather" */;
			buildPhases = (
				69566BE81BA8D446009E72C5 /* Sources */,
				69566BE91BA8D446009E72C5 /* Frameworks */,
				69566BEA1BA8D446009E72C5 /* Resources */,
			);
			buildRules = (
			);
			dependencies = (
			);
			name = PozWeather;
			productName = PozWeather;
			productReference = 69566BEC1BA8D446009E72C5 /* PozWeather.app */;
			productType = "com.apple.product-type.application";
		};
		69566C071BA8D446009E72C5 /* PozWeatherTests */ = {
			isa = PBXNativeTarget;
			buildConfigurationList = 69566C151BA8D446009E72C5 /* Build configuration list for PBXNativeTarget "PozWeatherTests" */;
			buildPhases = (
				69566C041BA8D446009E72C5 /* Sources */,
				69566C051BA8D446009E72C5 /* Frameworks */,
				69566C061BA8D446009E72C5 /* Resources */,
			);
			buildRules = (
			);
			dependencies = (
				69566C0A1BA8D446009E72C5 /* PBXTargetDependency */,
			);
			name = PozWeatherTests;
			productName = PozWeatherTests;
			productReference = 69566C081BA8D446009E72C5 /* PozWeatherTests.xctest */;
			productType = "com.apple.product-type.bundle.unit-test";
		};
/* End PBXNativeTarget section */

/* Begin PBXProject section */
		69566BE41BA8D446009E72C5 /* Project object */ = {
			isa = PBXProject;
			attributes = {
				LastUpgradeCheck = 0640;
				ORGANIZATIONNAME = "Grzegorz Jurzak";
				TargetAttributes = {
					69566BEB1BA8D446009E72C5 = {
						CreatedOnToolsVersion = 6.4;
					};
					69566C071BA8D446009E72C5 = {
						CreatedOnToolsVersion = 6.4;
						TestTargetID = 69566BEB1BA8D446009E72C5;
					};
				};
			};
			buildConfigurationList = 69566BE71BA8D446009E72C5 /* Build configuration list for PBXProject "PozWeather" */;
			compatibilityVersion = "Xcode 3.2";
			developmentRegion = English;
			hasScannedForEncodings = 0;
			knownRegions = (
				en,
				Base,
			);
			mainGroup = 69566BE31BA8D446009E72C5;
			productRefGroup = 69566BED1BA8D446009E72C5 /* Products */;
			projectDirPath = "";
			projectRoot = "";
			targets = (
				69566BEB1BA8D446009E72C5 /* PozWeather */,
				69566C071BA8D446009E72C5 /* PozWeatherTests */,
			);
		};
/* End PBXProject section */

/* Begin PBXResourcesBuildPhase section */
		69566BEA1BA8D446009E72C5 /* Resources */ = {
			isa = PBXResourcesBuildPhase;
			buildActionMask = 2147483647;
			files = (
				69566BFE1BA8D446009E72C5 /* Main.storyboard in Resources */,
				69566C031BA8D446009E72C5 /* LaunchScreen.xib in Resources */,
				69566C001BA8D446009E72C5 /* Images.xcassets in Resources */,
			);
			runOnlyForDeploymentPostprocessing = 0;
		};
		69566C061BA8D446009E72C5 /* Resources */ = {
			isa = PBXResourcesBuildPhase;
			buildActionMask = 2147483647;
			files = (
			);
			runOnlyForDeploymentPostprocessing = 0;
		};
/* End PBXResourcesBuildPhase section */

/* Begin PBXSourcesBuildPhase section */
		69566BE81BA8D446009E72C5 /* Sources */ = {
			isa = PBXSourcesBuildPhase;
			buildActionMask = 2147483647;
			files = (
				69566BF81BA8D446009E72C5 /* PozWeather.xcdatamodeld in Sources */,
				69566BF51BA8D446009E72C5 /* AppDelegate.m in Sources */,
				69566BFB1BA8D446009E72C5 /* ViewController.m in Sources */,
				69566BF21BA8D446009E72C5 /* main.m in Sources */,
			);
			runOnlyForDeploymentPostprocessing = 0;
		};
		69566C041BA8D446009E72C5 /* Sources */ = {
			isa = PBXSourcesBuildPhase;
			buildActionMask = 2147483647;
			files = (
				69566C0F1BA8D446009E72C5 /* PozWeatherTests.m in Sources */,
			);
			runOnlyForDeploymentPostprocessing = 0;
		};
/* End PBXSourcesBuildPhase section */

/* Begin PBXTargetDependency section */
		69566C0A1BA8D446009E72C5 /* PBXTargetDependency */ = {
			isa = PBXTargetDependency;
			target = 69566BEB1BA8D446009E72C5 /* PozWeather */;
			targetProxy = 69566C091BA8D446009E72C5 /* PBXContainerItemProxy */;
		};
/* End PBXTargetDependency section */

/* Begin PBXVariantGroup section */
		69566BFC1BA8D446009E72C5 /* Main.storyboard */ = {
			isa = PBXVariantGroup;
			children = (
				69566BFD1BA8D446009E72C5 /* Base */,
			);
			name = Main.storyboard;
			sourceTree = "<group>";
		};
		69566C011BA8D446009E72C5 /* LaunchScreen.xib */ = {
			isa = PBXVariantGroup;
			children = (
				69566C021BA8D446009E72C5 /* Base */,
			);
			name = LaunchScreen.xib;
			sourceTree = "<group>";
		};
/* End PBXVariantGroup section */

/* Begin XCBuildConfiguration section */
		69566C101BA8D446009E72C5 /* Debug */ = {
			isa = XCBuildConfiguration;
			buildSettings = {
				ALWAYS_SEARCH_USER_PATHS = NO;
				CLANG_CXX_LANGUAGE_STANDARD = "gnu++0x";
				CLANG_CXX_LIBRARY = "libc++";
				CLANG_ENABLE_MODULES = YES;
				CLANG_ENABLE_OBJC_ARC = YES;
				CLANG_WARN_BOOL_CONVERSION = YES;
				CLANG_WARN_CONSTANT_CONVERSION = YES;
				CLANG_WARN_DIRECT_OBJC_ISA_USAGE = YES_ERROR;
				CLANG_WARN_EMPTY_BODY = YES;
				CLANG_WARN_ENUM_CONVERSION = YES;
				CLANG_WARN_INT_CONVERSION = YES;
				CLANG_WARN_OBJC_ROOT_CLASS = YES_ERROR;
				CLANG_WARN_UNREACHABLE_CODE = YES;
				CLANG_WARN__DUPLICATE_METHOD_MATCH = YES;
				"CODE_SIGN_IDENTITY[sdk=iphoneos*]" = "iPhone Developer";
				COPY_PHASE_STRIP = NO;
				DEBUG_INFORMATION_FORMAT = "dwarf-with-dsym";
				ENABLE_STRICT_OBJC_MSGSEND = YES;
				GCC_C_LANGUAGE_STANDARD = gnu99;
				GCC_DYNAMIC_NO_PIC = NO;
				GCC_NO_COMMON_BLOCKS = YES;
				GCC_OPTIMIZATION_LEVEL = 0;
				GCC_PREPROCESSOR_DEFINITIONS = (
					"DEBUG=1",
					"$(inherited)",
				);
				GCC_SYMBOLS_PRIVATE_EXTERN = NO;
				GCC_WARN_64_TO_32_BIT_CONVERSION = YES;
				GCC_WARN_ABOUT_RETURN_TYPE = YES_ERROR;
				GCC_WARN_UNDECLARED_SELECTOR = YES;
				GCC_WARN_UNINITIALIZED_AUTOS = YES_AGGRESSIVE;
				GCC_WARN_UNUSED_FUNCTION = YES;
				GCC_WARN_UNUSED_VARIABLE = YES;
				IPHONEOS_DEPLOYMENT_TARGET = 8.4;
				MTL_ENABLE_DEBUG_INFO = YES;
				ONLY_ACTIVE_ARCH = YES;
				SDKROOT = iphoneos;
				TARGETED_DEVICE_FAMILY = "1,2";
			};
			name = Debug;
		};
		69566C111BA8D446009E72C5 /* Release */ = {
			isa = XCBuildConfiguration;
			buildSettings = {
				ALWAYS_SEARCH_USER_PATHS = NO;
				CLANG_CXX_LANGUAGE_STANDARD = "gnu++0x";
				CLANG_CXX_LIBRARY = "libc++";
				CLANG_ENABLE_MODULES = YES;
				CLANG_ENABLE_OBJC_ARC = YES;
				CLANG_WARN_BOOL_CONVERSION = YES;
				CLANG_WARN_CONSTANT_CONVERSION = YES;
				CLANG_WARN_DIRECT_OBJC_ISA_USAGE = YES_ERROR;
				CLANG_WARN_EMPTY_BODY = YES;
				CLANG_WARN_ENUM_CONVERSION = YES;
				CLANG_WARN_INT_CONVERSION = YES;
				CLANG_WARN_OBJC_ROOT_CLASS = YES_ERROR;
				CLANG_WARN_UNREACHABLE_CODE = YES;
				CLANG_WARN__DUPLICATE_METHOD_MATCH = YES;
				"CODE_SIGN_IDENTITY[sdk=iphoneos*]" = "iPhone Developer";
				COPY_PHASE_STRIP = NO;
				DEBUG_INFORMATION_FORMAT = "dwarf-with-dsym";
				ENABLE_NS_ASSERTIONS = NO;
				ENABLE_STRICT_OBJC_MSGSEND = YES;
				GCC_C_LANGUAGE_STANDARD = gnu99;
				GCC_NO_COMMON_BLOCKS = YES;
				GCC_WARN_64_TO_32_BIT_CONVERSION = YES;
				GCC_WARN_ABOUT_RETURN_TYPE = YES_ERROR;
				GCC_WARN_UNDECLARED_SELECTOR = YES;
				GCC_WARN_UNINITIALIZED_AUTOS = YES_AGGRESSIVE;
				GCC_WARN_UNUSED_FUNCTION = YES;
				GCC_WARN_UNUSED_VARIABLE = YES;
				IPHONEOS_DEPLOYMENT_TARGET = 8.4;
				MTL_ENABLE_DEBUG_INFO = NO;
				SDKROOT = iphoneos;
				TARGETED_DEVICE_FAMILY = "1,2";
				VALIDATE_PRODUCT = YES;
			};
			name = Release;
		};
		69566C131BA8D446009E72C5 /* Debug */ = {
			isa = XCBuildConfiguration;
			buildSettings = {
				ASSETCATALOG_COMPILER_APPICON_NAME = AppIcon;
				INFOPLIST_FILE = PozWeather/Info.plist;
				LD_RUNPATH_SEARCH_PATHS = "$(inherited) @executable_path/Frameworks";
				PRODUCT_NAME = "$(TARGET_NAME)";
			};
			name = Debug;
		};
		69566C141BA8D446009E72C5 /* Release */ = {
			isa = XCBuildConfiguration;
			buildSettings = {
				ASSETCATALOG_COMPILER_APPICON_NAME = AppIcon;
				INFOPLIST_FILE = PozWeather/Info.plist;
				LD_RUNPATH_SEARCH_PATHS = "$(inherited) @executable_path/Frameworks";
				PRODUCT_NAME = "$(TARGET_NAME)";
			};
			name = Release;
		};
		69566C161BA8D446009E72C5 /* Debug */ = {
			isa = XCBuildConfiguration;
			buildSettings = {
				BUNDLE_LOADER = "$(TEST_HOST)";
				FRAMEWORK_SEARCH_PATHS = (
					"$(SDKROOT)/Developer/Library/Frameworks",
					"$(inherited)",
				);
				GCC_PREPROCESSOR_DEFINITIONS = (
					"DEBUG=1",
					"$(inherited)",
				);
				INFOPLIST_FILE = PozWeatherTests/Info.plist;
				LD_RUNPATH_SEARCH_PATHS = "$(inherited) @executable_path/Frameworks @loader_path/Frameworks";
				PRODUCT_NAME = "$(TARGET_NAME)";
				TEST_HOST = "$(BUILT_PRODUCTS_DIR)/PozWeather.app/PozWeather";
			};
			name = Debug;
		};
		69566C171BA8D446009E72C5 /* Release */ = {
			isa = XCBuildConfiguration;
			buildSettings = {
				BUNDLE_LOADER = "$(TEST_HOST)";
				FRAMEWORK_SEARCH_PATHS = (
					"$(SDKROOT)/Developer/Library/Frameworks",
					"$(inherited)",
				);
				INFOPLIST_FILE = PozWeatherTests/Info.plist;
				LD_RUNPATH_SEARCH_PATHS = "$(inherited) @executable_path/Frameworks @loader_path/Frameworks";
				PRODUCT_NAME = "$(TARGET_NAME)";
				TEST_HOST = "$(BUILT_PRODUCTS_DIR)/PozWeather.app/PozWeather";
			};
			name = Release;
		};
/* End XCBuildConfiguration section */

/* Begin XCConfigurationList section */
		69566BE71BA8D446009E72C5 /* Build configuration list for PBXProject "PozWeather" */ = {
			isa = XCConfigurationList;
			buildConfigurations = (
				69566C101BA8D446009E72C5 /* Debug */,
				69566C111BA8D446009E72C5 /* Release */,
			);
			defaultConfigurationIsVisible = 0;
			defaultConfigurationName = Release;
		};
		69566C121BA8D446009E72C5 /* Build configuration list for PBXNativeTarget "PozWeather" */ = {
			isa = XCConfigurationList;
			buildConfigurations = (
				69566C131BA8D446009E72C5 /* Debug */,
				69566C141BA8D446009E72C5 /* Release */,
			);
			defaultConfigurationIsVisible = 0;
		};
		69566C151BA8D446009E72C5 /* Build configuration list for PBXNativeTarget "PozWeatherTests" */ = {
			isa = XCConfigurationList;
			buildConfigurations = (
				69566C161BA8D446009E72C5 /* Debug */,
				69566C171BA8D446009E72C5 /* Release */,
			);
			defaultConfigurationIsVisible = 0;
		};
/* End XCConfigurationList section */

/* Begin XCVersionGroup section */
		69566BF61BA8D446009E72C5 /* PozWeather.xcdatamodeld */ = {
			isa = XCVersionGroup;
			children = (
				69566BF71BA8D446009E72C5 /* PozWeather.xcdatamodel */,
			);
			currentVersion = 69566BF71BA8D446009E72C5 /* PozWeather.xcdatamodel */;
			path = PozWeather.xcdatamodeld;
			sourceTree = "<group>";
			versionGroupType = wrapper.xcdatamodel;
		};
/* End XCVersionGroup section */
	};
	rootObject = 69566BE41BA8D446009E72C5 /* Project object */;
}
